
Microsoft Visual Studio Solution File, Format Version 12.00
# Visual Studio 15
VisualStudioVersion = 15.0.28010.2036
MinimumVisualStudioVersion = 10.0.40219.1
Project("{FAE04EC0-301F-11D3-BF4B-00C04F79EFBC}") = "WindowsFormsApp1", "WindowsFormsApp1\WindowsFormsApp1.csproj", "{0D269FE4-E3C4-42A7-B310-6155C5F14FE0}"
EndProject
Global
	GlobalSection(SolutionConfigurationPlatforms) = preSolution
		Debug|Any CPU = Debug|Any CPU
		Release|Any CPU = Release|Any CPU
	EndGlobalSection
	GlobalSection(ProjectConfigurationPlatforms) = postSolution
		{0D269FE4-E3C4-42A7-B310-6155C5F14FE0}.Debug|Any CPU.ActiveCfg = Debug|Any CPU
		{0D269FE4-E3C4-42A7-B310-6155C5F14FE0}.Debug|Any CPU.Build.0 = Debug|Any CPU
		{0D269FE4-E3C4-42A7-B310-6155C5F14FE0}.Release|Any CPU.ActiveCfg = Release|Any CPU
		{0D269FE4-E3C4-42A7-B310-6155C5F14FE0}.Release|Any CPU.Build.0 = Release|Any CPU
	EndGlobalSection
	GlobalSection(SolutionProperties) = preSolution
		HideSolutionNode = FALSE
	EndGlobalSection
	GlobalSection(ExtensibilityGlobals) = postSolution
		SolutionGuid = {D231E3D7-B4E0-46FA-ABFA-650F27DB9838}
	EndGlobalSection
EndGlobal
